{
  "requires": true,
  "lockfileVersion": 1,
  "dependencies": {
    "@popperjs/core": {
      "version": "2.9.1",
      "resolved": "https://registry.npmjs.org/@popperjs/core/-/core-2.9.1.tgz",
      "integrity": "sha512-DvJbbn3dUgMxDnJLH+RZQPnXak1h4ZVYQ7CWiFWjQwBFkVajT4rfw2PdpHLTSTwxrYfnoEXkuBiwkDm6tPMQeA=="
    },
    "bootstrap": {
      "version": "5.0.0-beta2",
      "resolved": "https://registry.npmjs.org/bootstrap/-/bootstrap-5.0.0-beta2.tgz",
      "integrity": "sha512-e+uPbPHqTQWKyCX435uVlOmgH9tUt0xtjvyOC7knhKgOS643BrQKuTo+KecGpPV7qlmOyZgCfaM4xxPWtDEN/g=="
    },
    "highlight.js": {
      "version": "10.6.0",
      "resolved": "https://registry.npmjs.org/highlight.js/-/highlight.js-10.6.0.tgz",
      "integrity": "sha512-8mlRcn5vk/r4+QcqerapwBYTe+iPL5ih6xrNylxrnBdHQiijDETfXX7VIxC3UiCRiINBJfANBAsPzAvRQj8RpQ=="
    },
    "popper.js": {
      "version": "1.16.1",
      "resolved": "https://registry.npmjs.org/popper.js/-/popper.js-1.16.1.tgz",
      "integrity": "sha512-Wb4p1J4zyFTbM+u6WuO4XstYx4Ky9Cewe4DWrel7B0w6VVICvPwdOpotjzcf6eD8TsckVnIMNONQyPIUFOUbCQ=="
    }
  }
}
